
Microsoft Visual Studio Solution File, Format Version 12.00
# Visual Studio Version 17
VisualStudioVersion = 17.12.35527.113
MinimumVisualStudioVersion = 10.0.40219.1
Project("{2150E333-8FDC-42A3-9474-1A3956D46DE8}") = "Basic_Syntax", "Basic_Syntax", "{530FB21A-5E21-4A3C-8455-789A9FEC653A}"
EndProject
Project("{8BC9CEB8-8B4A-11D0-8D11-00A0C91BC942}") = "StudentInformation", "StudentInformation\StudentInformation.vcxproj", "{1F3AC284-B465-4FD4-992A-E227B5E58511}"
EndProject
Project("{8BC9CEB8-8B4A-11D0-8D11-00A0C91BC942}") = "PassedOrFailed", "PassedOrFailed\PassedOrFailed.vcxproj", "{C02AB027-9DBB-4F99-B5C2-3C4349ADA0B3}"
EndProject
Project("{8BC9CEB8-8B4A-11D0-8D11-00A0C91BC942}") = "MonthPrinter", "MonthPrinter\MonthPrinter.vcxproj", "{38BA7FDF-E39D-481B-9DB4-3835443A0413}"
EndProject
Project("{8BC9CEB8-8B4A-11D0-8D11-00A0C91BC942}") = "SumOfOddNumbers", "SumOfOddNumbers\SumOfOddNumbers.vcxproj", "{1E978CC3-D241-4002-BC5C-C25C0AC73A56}"
EndProject
Project("{8BC9CEB8-8B4A-11D0-8D11-00A0C91BC942}") = "StrongNumber", "StrongNumber\StrongNumber.vcxproj", "{EEA0B3F5-041B-45FF-98BC-DEBD6A468D84}"
EndProject
Project("{2150E333-8FDC-42A3-9474-1A3956D46DE8}") = "Functions", "Functions", "{936A04A3-6047-45DE-B766-2A1323A468DA}"
EndProject
Project("{8BC9CEB8-8B4A-11D0-8D11-00A0C91BC942}") = "SignOfIntegerNumbers", "SignOfIntegerNumbers\SignOfIntegerNumbers.vcxproj", "{D6618025-DA0A-4B94-9F19-1DEC47F6740A}"
EndProject
Project("{8BC9CEB8-8B4A-11D0-8D11-00A0C91BC942}") = "Grades", "Grades\Grades.vcxproj", "{CF387290-5C82-42F1-A045-80B51C31ABDF}"
EndProject
Project("{8BC9CEB8-8B4A-11D0-8D11-00A0C91BC942}") = "PrintingTriangles", "PrintingTriangles\PrintingTriangles.vcxproj", "{D911C13E-11B1-4D2E-BB00-51CB7A835B26}"
EndProject
Project("{8BC9CEB8-8B4A-11D0-8D11-00A0C91BC942}") = "MathPower", "MathPower\MathPower.vcxproj", "{473C4C90-67DB-4CF3-A156-81C4B92E87BD}"
EndProject
Project("{8BC9CEB8-8B4A-11D0-8D11-00A0C91BC942}") = "PrintNameOfNumbers", "PrintNameOfNumbers\PrintNameOfNumbers.vcxproj", "{CFA7952C-EDD7-4B53-8938-283B95523CDF}"
EndProject
Project("{8BC9CEB8-8B4A-11D0-8D11-00A0C91BC942}") = "MultiplyEvensSumByOdds", "MultiplyEvensSumByOdds\MultiplyEvensSumByOdds.vcxproj", "{BFE30D07-3833-4A03-A5E1-7FDF29280FFA}"
EndProject
Project("{8BC9CEB8-8B4A-11D0-8D11-00A0C91BC942}") = "VowelsCount", "VowelsCount\VowelsCount.vcxproj", "{256B5547-7E20-4B32-B741-4B29F6FF2C7A}"
EndProject
Project("{2150E333-8FDC-42A3-9474-1A3956D46DE8}") = "Arrays", "Arrays", "{D90079B5-6545-47F7-A852-C5902E320640}"
EndProject
Project("{8BC9CEB8-8B4A-11D0-8D11-00A0C91BC942}") = "DaysOfWeek", "DaysOfWeek\DaysOfWeek.vcxproj", "{F872EC55-B5D2-456D-9F1A-5F5DE2D3E186}"
EndProject
Project("{8BC9CEB8-8B4A-11D0-8D11-00A0C91BC942}") = "PrintNumbersInReverseOrder", "PrintNumbersInReverseOrder\PrintNumbersInReverseOrder.vcxproj", "{55672FC1-5BBD-40B8-A3F7-45517C5AEA46}"
EndProject
Project("{8BC9CEB8-8B4A-11D0-8D11-00A0C91BC942}") = "ReverseAnArrayOfStrings", "ReverseAnArrayOfStrings\ReverseAnArrayOfStrings.vcxproj", "{8088DF0B-9940-41FE-98EC-5270E869F571}"
EndProject
Project("{8BC9CEB8-8B4A-11D0-8D11-00A0C91BC942}") = "LongestSequence", "LongestSequence\LongestSequence.vcxproj", "{C2E7D2CA-76C1-442C-BCE6-B48DAEF69E0E}"
EndProject
Project("{8BC9CEB8-8B4A-11D0-8D11-00A0C91BC942}") = "CartesianProduct", "CartesianProduct\CartesianProduct.vcxproj", "{043674F1-7771-405A-B5AA-504A5AF2622E}"
EndProject
Project("{8BC9CEB8-8B4A-11D0-8D11-00A0C91BC942}") = "ClosestNumbers", "ClosestNumbers\ClosestNumbers.vcxproj", "{72EF0515-0CCD-4FE6-B38D-ABAE2C09D14F}"
EndProject
Global
	GlobalSection(SolutionConfigurationPlatforms) = preSolution
		Debug|x64 = Debug|x64
		Debug|x86 = Debug|x86
		Release|x64 = Release|x64
		Release|x86 = Release|x86
	EndGlobalSection
	GlobalSection(ProjectConfigurationPlatforms) = postSolution
		{1F3AC284-B465-4FD4-992A-E227B5E58511}.Debug|x64.ActiveCfg = Debug|x64
		{1F3AC284-B465-4FD4-992A-E227B5E58511}.Debug|x64.Build.0 = Debug|x64
		{1F3AC284-B465-4FD4-992A-E227B5E58511}.Debug|x86.ActiveCfg = Debug|x64
		{1F3AC284-B465-4FD4-992A-E227B5E58511}.Debug|x86.Build.0 = Debug|x64
		{1F3AC284-B465-4FD4-992A-E227B5E58511}.Release|x64.ActiveCfg = Release|x64
		{1F3AC284-B465-4FD4-992A-E227B5E58511}.Release|x64.Build.0 = Release|x64
		{1F3AC284-B465-4FD4-992A-E227B5E58511}.Release|x86.ActiveCfg = Release|Win32
		{1F3AC284-B465-4FD4-992A-E227B5E58511}.Release|x86.Build.0 = Release|Win32
		{C02AB027-9DBB-4F99-B5C2-3C4349ADA0B3}.Debug|x64.ActiveCfg = Debug|x64
		{C02AB027-9DBB-4F99-B5C2-3C4349ADA0B3}.Debug|x64.Build.0 = Debug|x64
		{C02AB027-9DBB-4F99-B5C2-3C4349ADA0B3}.Debug|x86.ActiveCfg = Debug|Win32
		{C02AB027-9DBB-4F99-B5C2-3C4349ADA0B3}.Debug|x86.Build.0 = Debug|Win32
		{C02AB027-9DBB-4F99-B5C2-3C4349ADA0B3}.Release|x64.ActiveCfg = Release|x64
		{C02AB027-9DBB-4F99-B5C2-3C4349ADA0B3}.Release|x64.Build.0 = Release|x64
		{C02AB027-9DBB-4F99-B5C2-3C4349ADA0B3}.Release|x86.ActiveCfg = Release|Win32
		{C02AB027-9DBB-4F99-B5C2-3C4349ADA0B3}.Release|x86.Build.0 = Release|Win32
		{38BA7FDF-E39D-481B-9DB4-3835443A0413}.Debug|x64.ActiveCfg = Debug|x64
		{38BA7FDF-E39D-481B-9DB4-3835443A0413}.Debug|x64.Build.0 = Debug|x64
		{38BA7FDF-E39D-481B-9DB4-3835443A0413}.Debug|x86.ActiveCfg = Debug|Win32
		{38BA7FDF-E39D-481B-9DB4-3835443A0413}.Debug|x86.Build.0 = Debug|Win32
		{38BA7FDF-E39D-481B-9DB4-3835443A0413}.Release|x64.ActiveCfg = Release|x64
		{38BA7FDF-E39D-481B-9DB4-3835443A0413}.Release|x64.Build.0 = Release|x64
		{38BA7FDF-E39D-481B-9DB4-3835443A0413}.Release|x86.ActiveCfg = Release|Win32
		{38BA7FDF-E39D-481B-9DB4-3835443A0413}.Release|x86.Build.0 = Release|Win32
		{1E978CC3-D241-4002-BC5C-C25C0AC73A56}.Debug|x64.ActiveCfg = Debug|x64
		{1E978CC3-D241-4002-BC5C-C25C0AC73A56}.Debug|x64.Build.0 = Debug|x64
		{1E978CC3-D241-4002-BC5C-C25C0AC73A56}.Debug|x86.ActiveCfg = Debug|Win32
		{1E978CC3-D241-4002-BC5C-C25C0AC73A56}.Debug|x86.Build.0 = Debug|Win32
		{1E978CC3-D241-4002-BC5C-C25C0AC73A56}.Release|x64.ActiveCfg = Release|x64
		{1E978CC3-D241-4002-BC5C-C25C0AC73A56}.Release|x64.Build.0 = Release|x64
		{1E978CC3-D241-4002-BC5C-C25C0AC73A56}.Release|x86.ActiveCfg = Release|Win32
		{1E978CC3-D241-4002-BC5C-C25C0AC73A56}.Release|x86.Build.0 = Release|Win32
		{EEA0B3F5-041B-45FF-98BC-DEBD6A468D84}.Debug|x64.ActiveCfg = Debug|x64
		{EEA0B3F5-041B-45FF-98BC-DEBD6A468D84}.Debug|x64.Build.0 = Debug|x64
		{EEA0B3F5-041B-45FF-98BC-DEBD6A468D84}.Debug|x86.ActiveCfg = Debug|Win32
		{EEA0B3F5-041B-45FF-98BC-DEBD6A468D84}.Debug|x86.Build.0 = Debug|Win32
		{EEA0B3F5-041B-45FF-98BC-DEBD6A468D84}.Release|x64.ActiveCfg = Release|x64
		{EEA0B3F5-041B-45FF-98BC-DEBD6A468D84}.Release|x64.Build.0 = Release|x64
		{EEA0B3F5-041B-45FF-98BC-DEBD6A468D84}.Release|x86.ActiveCfg = Release|Win32
		{EEA0B3F5-041B-45FF-98BC-DEBD6A468D84}.Release|x86.Build.0 = Release|Win32
		{D6618025-DA0A-4B94-9F19-1DEC47F6740A}.Debug|x64.ActiveCfg = Debug|x64
		{D6618025-DA0A-4B94-9F19-1DEC47F6740A}.Debug|x64.Build.0 = Debug|x64
		{D6618025-DA0A-4B94-9F19-1DEC47F6740A}.Debug|x86.ActiveCfg = Debug|Win32
		{D6618025-DA0A-4B94-9F19-1DEC47F6740A}.Debug|x86.Build.0 = Debug|Win32
		{D6618025-DA0A-4B94-9F19-1DEC47F6740A}.Release|x64.ActiveCfg = Release|x64
		{D6618025-DA0A-4B94-9F19-1DEC47F6740A}.Release|x64.Build.0 = Release|x64
		{D6618025-DA0A-4B94-9F19-1DEC47F6740A}.Release|x86.ActiveCfg = Release|Win32
		{D6618025-DA0A-4B94-9F19-1DEC47F6740A}.Release|x86.Build.0 = Release|Win32
		{CF387290-5C82-42F1-A045-80B51C31ABDF}.Debug|x64.ActiveCfg = Debug|x64
		{CF387290-5C82-42F1-A045-80B51C31ABDF}.Debug|x64.Build.0 = Debug|x64
		{CF387290-5C82-42F1-A045-80B51C31ABDF}.Debug|x86.ActiveCfg = Debug|Win32
		{CF387290-5C82-42F1-A045-80B51C31ABDF}.Debug|x86.Build.0 = Debug|Win32
		{CF387290-5C82-42F1-A045-80B51C31ABDF}.Release|x64.ActiveCfg = Release|x64
		{CF387290-5C82-42F1-A045-80B51C31ABDF}.Release|x64.Build.0 = Release|x64
		{CF387290-5C82-42F1-A045-80B51C31ABDF}.Release|x86.ActiveCfg = Release|Win32
		{CF387290-5C82-42F1-A045-80B51C31ABDF}.Release|x86.Build.0 = Release|Win32
		{D911C13E-11B1-4D2E-BB00-51CB7A835B26}.Debug|x64.ActiveCfg = Debug|x64
		{D911C13E-11B1-4D2E-BB00-51CB7A835B26}.Debug|x64.Build.0 = Debug|x64
		{D911C13E-11B1-4D2E-BB00-51CB7A835B26}.Debug|x86.ActiveCfg = Debug|Win32
		{D911C13E-11B1-4D2E-BB00-51CB7A835B26}.Debug|x86.Build.0 = Debug|Win32
		{D911C13E-11B1-4D2E-BB00-51CB7A835B26}.Release|x64.ActiveCfg = Release|x64
		{D911C13E-11B1-4D2E-BB00-51CB7A835B26}.Release|x64.Build.0 = Release|x64
		{D911C13E-11B1-4D2E-BB00-51CB7A835B26}.Release|x86.ActiveCfg = Release|Win32
		{D911C13E-11B1-4D2E-BB00-51CB7A835B26}.Release|x86.Build.0 = Release|Win32
		{473C4C90-67DB-4CF3-A156-81C4B92E87BD}.Debug|x64.ActiveCfg = Debug|x64
		{473C4C90-67DB-4CF3-A156-81C4B92E87BD}.Debug|x64.Build.0 = Debug|x64
		{473C4C90-67DB-4CF3-A156-81C4B92E87BD}.Debug|x86.ActiveCfg = Debug|x64
		{473C4C90-67DB-4CF3-A156-81C4B92E87BD}.Debug|x86.Build.0 = Debug|x64
		{473C4C90-67DB-4CF3-A156-81C4B92E87BD}.Release|x64.ActiveCfg = Release|x64
		{473C4C90-67DB-4CF3-A156-81C4B92E87BD}.Release|x64.Build.0 = Release|x64
		{473C4C90-67DB-4CF3-A156-81C4B92E87BD}.Release|x86.ActiveCfg = Release|Win32
		{473C4C90-67DB-4CF3-A156-81C4B92E87BD}.Release|x86.Build.0 = Release|Win32
		{CFA7952C-EDD7-4B53-8938-283B95523CDF}.Debug|x64.ActiveCfg = Debug|x64
		{CFA7952C-EDD7-4B53-8938-283B95523CDF}.Debug|x64.Build.0 = Debug|x64
		{CFA7952C-EDD7-4B53-8938-283B95523CDF}.Debug|x86.ActiveCfg = Debug|x64
		{CFA7952C-EDD7-4B53-8938-283B95523CDF}.Debug|x86.Build.0 = Debug|x64
		{CFA7952C-EDD7-4B53-8938-283B95523CDF}.Release|x64.ActiveCfg = Release|x64
		{CFA7952C-EDD7-4B53-8938-283B95523CDF}.Release|x64.Build.0 = Release|x64
		{CFA7952C-EDD7-4B53-8938-283B95523CDF}.Release|x86.ActiveCfg = Release|Win32
		{CFA7952C-EDD7-4B53-8938-283B95523CDF}.Release|x86.Build.0 = Release|Win32
		{BFE30D07-3833-4A03-A5E1-7FDF29280FFA}.Debug|x64.ActiveCfg = Debug|x64
		{BFE30D07-3833-4A03-A5E1-7FDF29280FFA}.Debug|x64.Build.0 = Debug|x64
		{BFE30D07-3833-4A03-A5E1-7FDF29280FFA}.Debug|x86.ActiveCfg = Debug|x64
		{BFE30D07-3833-4A03-A5E1-7FDF29280FFA}.Debug|x86.Build.0 = Debug|x64
		{BFE30D07-3833-4A03-A5E1-7FDF29280FFA}.Release|x64.ActiveCfg = Release|x64
		{BFE30D07-3833-4A03-A5E1-7FDF29280FFA}.Release|x64.Build.0 = Release|x64
		{BFE30D07-3833-4A03-A5E1-7FDF29280FFA}.Release|x86.ActiveCfg = Release|Win32
		{BFE30D07-3833-4A03-A5E1-7FDF29280FFA}.Release|x86.Build.0 = Release|Win32
		{256B5547-7E20-4B32-B741-4B29F6FF2C7A}.Debug|x64.ActiveCfg = Debug|x64
		{256B5547-7E20-4B32-B741-4B29F6FF2C7A}.Debug|x64.Build.0 = Debug|x64
		{256B5547-7E20-4B32-B741-4B29F6FF2C7A}.Debug|x86.ActiveCfg = Debug|x64
		{256B5547-7E20-4B32-B741-4B29F6FF2C7A}.Debug|x86.Build.0 = Debug|x64
		{256B5547-7E20-4B32-B741-4B29F6FF2C7A}.Release|x64.ActiveCfg = Release|x64
		{256B5547-7E20-4B32-B741-4B29F6FF2C7A}.Release|x64.Build.0 = Release|x64
		{256B5547-7E20-4B32-B741-4B29F6FF2C7A}.Release|x86.ActiveCfg = Release|Win32
		{256B5547-7E20-4B32-B741-4B29F6FF2C7A}.Release|x86.Build.0 = Release|Win32
		{F872EC55-B5D2-456D-9F1A-5F5DE2D3E186}.Debug|x64.ActiveCfg = Debug|x64
		{F872EC55-B5D2-456D-9F1A-5F5DE2D3E186}.Debug|x64.Build.0 = Debug|x64
		{F872EC55-B5D2-456D-9F1A-5F5DE2D3E186}.Debug|x86.ActiveCfg = Debug|x64
		{F872EC55-B5D2-456D-9F1A-5F5DE2D3E186}.Debug|x86.Build.0 = Debug|x64
		{F872EC55-B5D2-456D-9F1A-5F5DE2D3E186}.Release|x64.ActiveCfg = Release|x64
		{F872EC55-B5D2-456D-9F1A-5F5DE2D3E186}.Release|x64.Build.0 = Release|x64
		{F872EC55-B5D2-456D-9F1A-5F5DE2D3E186}.Release|x86.ActiveCfg = Release|Win32
		{F872EC55-B5D2-456D-9F1A-5F5DE2D3E186}.Release|x86.Build.0 = Release|Win32
		{55672FC1-5BBD-40B8-A3F7-45517C5AEA46}.Debug|x64.ActiveCfg = Debug|x64
		{55672FC1-5BBD-40B8-A3F7-45517C5AEA46}.Debug|x64.Build.0 = Debug|x64
		{55672FC1-5BBD-40B8-A3F7-45517C5AEA46}.Debug|x86.ActiveCfg = Debug|x64
		{55672FC1-5BBD-40B8-A3F7-45517C5AEA46}.Debug|x86.Build.0 = Debug|x64
		{55672FC1-5BBD-40B8-A3F7-45517C5AEA46}.Release|x64.ActiveCfg = Release|x64
		{55672FC1-5BBD-40B8-A3F7-45517C5AEA46}.Release|x64.Build.0 = Release|x64
		{55672FC1-5BBD-40B8-A3F7-45517C5AEA46}.Release|x86.ActiveCfg = Release|Win32
		{55672FC1-5BBD-40B8-A3F7-45517C5AEA46}.Release|x86.Build.0 = Release|Win32
		{8088DF0B-9940-41FE-98EC-5270E869F571}.Debug|x64.ActiveCfg = Debug|x64
		{8088DF0B-9940-41FE-98EC-5270E869F571}.Debug|x64.Build.0 = Debug|x64
		{8088DF0B-9940-41FE-98EC-5270E869F571}.Debug|x86.ActiveCfg = Debug|x64
		{8088DF0B-9940-41FE-98EC-5270E869F571}.Debug|x86.Build.0 = Debug|x64
		{8088DF0B-9940-41FE-98EC-5270E869F571}.Release|x64.ActiveCfg = Release|x64
		{8088DF0B-9940-41FE-98EC-5270E869F571}.Release|x64.Build.0 = Release|x64
		{8088DF0B-9940-41FE-98EC-5270E869F571}.Release|x86.ActiveCfg = Release|Win32
		{8088DF0B-9940-41FE-98EC-5270E869F571}.Release|x86.Build.0 = Release|Win32
		{C2E7D2CA-76C1-442C-BCE6-B48DAEF69E0E}.Debug|x64.ActiveCfg = Debug|x64
		{C2E7D2CA-76C1-442C-BCE6-B48DAEF69E0E}.Debug|x64.Build.0 = Debug|x64
		{C2E7D2CA-76C1-442C-BCE6-B48DAEF69E0E}.Debug|x86.ActiveCfg = Debug|Win32
		{C2E7D2CA-76C1-442C-BCE6-B48DAEF69E0E}.Debug|x86.Build.0 = Debug|Win32
		{C2E7D2CA-76C1-442C-BCE6-B48DAEF69E0E}.Release|x64.ActiveCfg = Release|x64
		{C2E7D2CA-76C1-442C-BCE6-B48DAEF69E0E}.Release|x64.Build.0 = Release|x64
		{C2E7D2CA-76C1-442C-BCE6-B48DAEF69E0E}.Release|x86.ActiveCfg = Release|Win32
		{C2E7D2CA-76C1-442C-BCE6-B48DAEF69E0E}.Release|x86.Build.0 = Release|Win32
		{043674F1-7771-405A-B5AA-504A5AF2622E}.Debug|x64.ActiveCfg = Debug|x64
		{043674F1-7771-405A-B5AA-504A5AF2622E}.Debug|x64.Build.0 = Debug|x64
		{043674F1-7771-405A-B5AA-504A5AF2622E}.Debug|x86.ActiveCfg = Debug|Win32
		{043674F1-7771-405A-B5AA-504A5AF2622E}.Debug|x86.Build.0 = Debug|Win32
		{043674F1-7771-405A-B5AA-504A5AF2622E}.Release|x64.ActiveCfg = Release|x64
		{043674F1-7771-405A-B5AA-504A5AF2622E}.Release|x64.Build.0 = Release|x64
		{043674F1-7771-405A-B5AA-504A5AF2622E}.Release|x86.ActiveCfg = Release|Win32
		{043674F1-7771-405A-B5AA-504A5AF2622E}.Release|x86.Build.0 = Release|Win32
		{72EF0515-0CCD-4FE6-B38D-ABAE2C09D14F}.Debug|x64.ActiveCfg = Debug|x64
		{72EF0515-0CCD-4FE6-B38D-ABAE2C09D14F}.Debug|x64.Build.0 = Debug|x64
		{72EF0515-0CCD-4FE6-B38D-ABAE2C09D14F}.Debug|x86.ActiveCfg = Debug|Win32
		{72EF0515-0CCD-4FE6-B38D-ABAE2C09D14F}.Debug|x86.Build.0 = Debug|Win32
		{72EF0515-0CCD-4FE6-B38D-ABAE2C09D14F}.Release|x64.ActiveCfg = Release|x64
		{72EF0515-0CCD-4FE6-B38D-ABAE2C09D14F}.Release|x64.Build.0 = Release|x64
		{72EF0515-0CCD-4FE6-B38D-ABAE2C09D14F}.Release|x86.ActiveCfg = Release|Win32
		{72EF0515-0CCD-4FE6-B38D-ABAE2C09D14F}.Release|x86.Build.0 = Release|Win32
	EndGlobalSection
	GlobalSection(SolutionProperties) = preSolution
		HideSolutionNode = FALSE
	EndGlobalSection
	GlobalSection(NestedProjects) = preSolution
		{1F3AC284-B465-4FD4-992A-E227B5E58511} = {530FB21A-5E21-4A3C-8455-789A9FEC653A}
		{C02AB027-9DBB-4F99-B5C2-3C4349ADA0B3} = {530FB21A-5E21-4A3C-8455-789A9FEC653A}
		{38BA7FDF-E39D-481B-9DB4-3835443A0413} = {530FB21A-5E21-4A3C-8455-789A9FEC653A}
		{1E978CC3-D241-4002-BC5C-C25C0AC73A56} = {530FB21A-5E21-4A3C-8455-789A9FEC653A}
		{EEA0B3F5-041B-45FF-98BC-DEBD6A468D84} = {530FB21A-5E21-4A3C-8455-789A9FEC653A}
		{D6618025-DA0A-4B94-9F19-1DEC47F6740A} = {936A04A3-6047-45DE-B766-2A1323A468DA}
		{CF387290-5C82-42F1-A045-80B51C31ABDF} = {936A04A3-6047-45DE-B766-2A1323A468DA}
		{D911C13E-11B1-4D2E-BB00-51CB7A835B26} = {936A04A3-6047-45DE-B766-2A1323A468DA}
		{473C4C90-67DB-4CF3-A156-81C4B92E87BD} = {936A04A3-6047-45DE-B766-2A1323A468DA}
		{CFA7952C-EDD7-4B53-8938-283B95523CDF} = {936A04A3-6047-45DE-B766-2A1323A468DA}
		{BFE30D07-3833-4A03-A5E1-7FDF29280FFA} = {936A04A3-6047-45DE-B766-2A1323A468DA}
		{256B5547-7E20-4B32-B741-4B29F6FF2C7A} = {936A04A3-6047-45DE-B766-2A1323A468DA}
		{F872EC55-B5D2-456D-9F1A-5F5DE2D3E186} = {D90079B5-6545-47F7-A852-C5902E320640}
		{55672FC1-5BBD-40B8-A3F7-45517C5AEA46} = {D90079B5-6545-47F7-A852-C5902E320640}
		{8088DF0B-9940-41FE-98EC-5270E869F571} = {D90079B5-6545-47F7-A852-C5902E320640}
		{C2E7D2CA-76C1-442C-BCE6-B48DAEF69E0E} = {D90079B5-6545-47F7-A852-C5902E320640}
		{043674F1-7771-405A-B5AA-504A5AF2622E} = {D90079B5-6545-47F7-A852-C5902E320640}
		{72EF0515-0CCD-4FE6-B38D-ABAE2C09D14F} = {D90079B5-6545-47F7-A852-C5902E320640}
	EndGlobalSection
EndGlobal
